<?xml version="1.0" encoding="utf-8"?>
<Project ToolsVersion="4.0" xmlns="http://schemas.microsoft.com/developer/msbuild/2003">
  <ItemGroup>
    <Filter Include="Source Files">
      <UniqueIdentifier>{4FC737F1-C7A5-4376-A066-2A32D752A2FF}</UniqueIdentifier>
      <Extensions>cpp;c;cc;cxx;c++;cppm;ixx;def;odl;idl;hpj;bat;asm;asmx</Extensions>
    </Filter>
    <Filter Include="Header Files">
      <UniqueIdentifier>{93995380-89BD-4b04-88EB-625FBE52EBFB}</UniqueIdentifier>
      <Extensions>h;hh;hpp;hxx;h++;hm;inl;inc;ipp;xsd</Extensions>
    </Filter>
    <Filter Include="Resource Files">
      <UniqueIdentifier>{67DA6AB6-F800-4c08-8B7A-83BB121AAD01}</UniqueIdentifier>
      <Extensions>rc;ico;cur;bmp;dlg;rc2;rct;bin;rgs;gif;jpg;jpeg;jpe;resx;tiff;tif;png;wav;mfcribbon-ms</Extensions>
    </Filter>
    <Filter Include="Assets">
      <UniqueIdentifier>{7d6708ca-d68b-4301-99f8-189e4f5324d9}</UniqueIdentifier>
    </Filter>
  </ItemGroup>
  <ItemGroup>
    <ClCompile Include="Main.cpp">
      <Filter>Source Files</Filter>
    </ClCompile>
    <ClCompile Include="MainMenu.cpp">
      <Filter>Source Files</Filter>
    </ClCompile>
  </ItemGroup>
  <ItemGroup>
    <ClInclude Include="playerClass.h">
      <Filter>Header Files</Filter>
    </ClInclude>
    <ClInclude Include="MainMenu.h">
      <Filter>Header Files</Filter>
    </ClInclude>
  </ItemGroup>
  <ItemGroup>
    <Image Include="..\assets\images\1.png">
      <Filter>Assets</Filter>
    </Image>
    <Image Include="..\assets\images\1_19tmLBmVPfbohCvb7HgJFg.png">
      <Filter>Assets</Filter>
    </Image>
    <Image Include="..\assets\images\AAA.png">
      <Filter>Assets</Filter>
    </Image>
    <Image Include="..\assets\images\animation.png">
      <Filter>Assets</Filter>
    </Image>
    <Image Include="..\assets\images\Arial_font_2021-11-28_14-10-13.jpg">
      <Filter>Assets</Filter>
    </Image>
    <Image Include="..\assets\images\Arial-Font.jpg">
      <Filter>Assets</Filter>
    </Image>
    <Image Include="..\assets\images\background.png">
      <Filter>Assets</Filter>
    </Image>
    <Image Include="..\assets\images\bckgrnd.png">
      <Filter>Assets</Filter>
    </Image>
    <Image Include="..\assets\images\jump.png">
      <Filter>Assets</Filter>
    </Image>
    <Image Include="..\assets\images\main_menu(e).png">
      <Filter>Assets</Filter>
    </Image>
    <Image Include="..\assets\images\main_menu(l).png">
      <Filter>Assets</Filter>
    </Image>
    <Image Include="..\assets\images\main_menu(ng).png">
      <Filter>Assets</Filter>
    </Image>
    <Image Include="..\assets\images\main_menu(o).png">
      <Filter>Assets</Filter>
    </Image>
    <Image Include="..\assets\images\options(1).png">
      <Filter>Assets</Filter>
    </Image>
    <Image Include="..\assets\images\options(1click).png">
      <Filter>Assets</Filter>
    </Image>
    <Image Include="..\assets\images\options(back).png">
      <Filter>Assets</Filter>
    </Image>
    <Image Include="..\assets\images\options(music).png">
      <Filter>Assets</Filter>
    </Image>
    <Image Include="..\assets\images\options(SE).png">
      <Filter>Assets</Filter>
    </Image>
    <Image Include="..\assets\images\options.png">
      <Filter>Assets</Filter>
    </Image>
    <Image Include="..\assets\images\run.png">
      <Filter>Assets</Filter>
    </Image>
    <Image Include="..\assets\images\mainMenu.png">
      <Filter>Assets</Filter>
    </Image>
  </ItemGroup>
  <ItemGroup>
    <Font Include="..\assets\images\arial.ttf">
      <Filter>Assets</Filter>
    </Font>
  </ItemGroup>
  <ItemGroup>
    <None Include="..\assets\images\arial.zip">
      <Filter>Assets</Filter>
    </None>
  </ItemGroup>
  <ItemGroup>
    <Media Include="..\assets\Audio\falling.wav">
      <Filter>Assets</Filter>
    </Media>
    <Media Include="..\assets\Audio\jumpsound.wav">
      <Filter>Assets</Filter>
    </Media>
    <Media Include="..\assets\Audio\level1.wav">
      <Filter>Assets</Filter>
    </Media>
  </ItemGroup>
</Project>